
Microsoft Visual Studio Solution File, Format Version 12.00
# Visual Studio Version 16
VisualStudioVersion = 16.0.29020.237
MinimumVisualStudioVersion = 10.0.40219.1
Project("{FAE04EC0-301F-11D3-BF4B-00C04F79EFBC}") = "GasStationModeling", "GasStationModeling.csproj", "{D2B6A815-F17E-4AC9-975B-998DFE49A7CD}"
EndProject
Global
	GlobalSection(SolutionConfigurationPlatforms) = preSolution
		Debug|Any CPU = Debug|Any CPU
		Release|Any CPU = Release|Any CPU
	EndGlobalSection
	GlobalSection(ProjectConfigurationPlatforms) = postSolution
		{D2B6A815-F17E-4AC9-975B-998DFE49A7CD}.Debug|Any CPU.ActiveCfg = Debug|Any CPU
		{D2B6A815-F17E-4AC9-975B-998DFE49A7CD}.Debug|Any CPU.Build.0 = Debug|Any CPU
		{D2B6A815-F17E-4AC9-975B-998DFE49A7CD}.Release|Any CPU.ActiveCfg = Release|Any CPU
		{D2B6A815-F17E-4AC9-975B-998DFE49A7CD}.Release|Any CPU.Build.0 = Release|Any CPU
	EndGlobalSection
	GlobalSection(SolutionProperties) = preSolution
		HideSolutionNode = FALSE
	EndGlobalSection
	GlobalSection(ExtensibilityGlobals) = postSolution
		SolutionGuid = {6427CDBF-6433-46C2-89D3-B33CC58FDAB5}
	EndGlobalSection
EndGlobal
